PODS:
  - ImageDetect (1.1.4)
  - SnapKit (5.0.1)

DEPENDENCIES:
  - ImageDetect (~> 1.1.4)
  - SnapKit (~> 5.0.1)

SPEC REPOS:
  trunk:
    - ImageDetect
    - SnapKit

SPEC CHECKSUMS:
  ImageDetect: cff4ef43d8cb22cb5bfdd3134f4224f637c3d372
  SnapKit: 97b92857e3df3a0c71833cce143274bf6ef8e5eb

PODFILE CHECKSUM: c86b2a2280cf3325f70e4e07e8bd70f003f47019

COCOAPODS: 1.11.2
